
Microsoft Visual Studio Solution File, Format Version 12.00
# Visual Studio Version 17
VisualStudioVersion = 17.9.34723.18
MinimumVisualStudioVersion = 10.0.40219.1
Project("{F184B08F-C81C-45F6-A57F-5ABD9991F28F}") = "Proyecto_LogicaNegocio", "capaLogicaNegocio\Proyecto_LogicaNegocio\Proyecto_LogicaNegocio.vbproj", "{61176AFE-A31B-43DC-BFDD-3BCC9D0CD42A}"
	ProjectSection(ProjectDependencies) = postProject
		{41DE7EE3-1A7A-49C4-A8CA-68DE615CF89B} = {41DE7EE3-1A7A-49C4-A8CA-68DE615CF89B}
	EndProjectSection
EndProject
Project("{F184B08F-C81C-45F6-A57F-5ABD9991F28F}") = "Proyecto_Presentacion", "capaCliente\Proyecto_Presentacion\Proyecto_Presentacion.vbproj", "{674F500B-5EE1-4F93-900D-300F75F951BC}"
	ProjectSection(ProjectDependencies) = postProject
		{61176AFE-A31B-43DC-BFDD-3BCC9D0CD42A} = {61176AFE-A31B-43DC-BFDD-3BCC9D0CD42A}
	EndProjectSection
EndProject
Project("{F184B08F-C81C-45F6-A57F-5ABD9991F28F}") = "Proyecto_Datos", "capaDatos\Proyecto_Datos\Proyecto_Datos.vbproj", "{41DE7EE3-1A7A-49C4-A8CA-68DE615CF89B}"
EndProject
Project("{F184B08F-C81C-45F6-A57F-5ABD9991F28F}") = "AplicacionWeb", "capaWeb\AplicacionWeb\AplicacionWeb.vbproj", "{EE9FE7E4-559D-4A5F-AD20-54969F83FEAE}"
EndProject
Global
	GlobalSection(SolutionConfigurationPlatforms) = preSolution
		Debug|Any CPU = Debug|Any CPU
		Release|Any CPU = Release|Any CPU
	EndGlobalSection
	GlobalSection(ProjectConfigurationPlatforms) = postSolution
		{61176AFE-A31B-43DC-BFDD-3BCC9D0CD42A}.Debug|Any CPU.ActiveCfg = Debug|Any CPU
		{61176AFE-A31B-43DC-BFDD-3BCC9D0CD42A}.Debug|Any CPU.Build.0 = Debug|Any CPU
		{61176AFE-A31B-43DC-BFDD-3BCC9D0CD42A}.Release|Any CPU.ActiveCfg = Release|Any CPU
		{61176AFE-A31B-43DC-BFDD-3BCC9D0CD42A}.Release|Any CPU.Build.0 = Release|Any CPU
		{674F500B-5EE1-4F93-900D-300F75F951BC}.Debug|Any CPU.ActiveCfg = Debug|Any CPU
		{674F500B-5EE1-4F93-900D-300F75F951BC}.Debug|Any CPU.Build.0 = Debug|Any CPU
		{674F500B-5EE1-4F93-900D-300F75F951BC}.Release|Any CPU.ActiveCfg = Release|Any CPU
		{674F500B-5EE1-4F93-900D-300F75F951BC}.Release|Any CPU.Build.0 = Release|Any CPU
		{41DE7EE3-1A7A-49C4-A8CA-68DE615CF89B}.Debug|Any CPU.ActiveCfg = Debug|Any CPU
		{41DE7EE3-1A7A-49C4-A8CA-68DE615CF89B}.Debug|Any CPU.Build.0 = Debug|Any CPU
		{41DE7EE3-1A7A-49C4-A8CA-68DE615CF89B}.Release|Any CPU.ActiveCfg = Release|Any CPU
		{41DE7EE3-1A7A-49C4-A8CA-68DE615CF89B}.Release|Any CPU.Build.0 = Release|Any CPU
		{EE9FE7E4-559D-4A5F-AD20-54969F83FEAE}.Debug|Any CPU.ActiveCfg = Debug|Any CPU
		{EE9FE7E4-559D-4A5F-AD20-54969F83FEAE}.Debug|Any CPU.Build.0 = Debug|Any CPU
		{EE9FE7E4-559D-4A5F-AD20-54969F83FEAE}.Release|Any CPU.ActiveCfg = Release|Any CPU
		{EE9FE7E4-559D-4A5F-AD20-54969F83FEAE}.Release|Any CPU.Build.0 = Release|Any CPU
	EndGlobalSection
	GlobalSection(SolutionProperties) = preSolution
		HideSolutionNode = FALSE
	EndGlobalSection
	GlobalSection(ExtensibilityGlobals) = postSolution
		SolutionGuid = {B084FFD5-CF4F-4887-90EF-DB32C696E330}
	EndGlobalSection
EndGlobal
